
Microsoft Visual Studio Solution File, Format Version 12.00
# Visual Studio Version 17
VisualStudioVersion = 17.10.35122.118
MinimumVisualStudioVersion = 10.0.40219.1
Project("{FAE04EC0-301F-11D3-BF4B-00C04F79EFBC}") = "BlazorisedDemo", "BlazorisedDemo\BlazorisedDemo.csproj", "{290463B1-4B94-4568-A5CA-E6A4D2D46521}"
EndProject
Global
	GlobalSection(SolutionConfigurationPlatforms) = preSolution
		Debug|Any CPU = Debug|Any CPU
		Release|Any CPU = Release|Any CPU
	EndGlobalSection
	GlobalSection(ProjectConfigurationPlatforms) = postSolution
		{290463B1-4B94-4568-A5CA-E6A4D2D46521}.Debug|Any CPU.ActiveCfg = Debug|Any CPU
		{290463B1-4B94-4568-A5CA-E6A4D2D46521}.Debug|Any CPU.Build.0 = Debug|Any CPU
		{290463B1-4B94-4568-A5CA-E6A4D2D46521}.Release|Any CPU.ActiveCfg = Release|Any CPU
		{290463B1-4B94-4568-A5CA-E6A4D2D46521}.Release|Any CPU.Build.0 = Release|Any CPU
	EndGlobalSection
	GlobalSection(SolutionProperties) = preSolution
		HideSolutionNode = FALSE
	EndGlobalSection
	GlobalSection(ExtensibilityGlobals) = postSolution
		SolutionGuid = {C5EE82E1-5736-45F8-9DEE-FD9DE68FF821}
	EndGlobalSection
EndGlobal
